{
    "version": 3,
    "terraform_version": "0.9.2",
    "serial": 1,
    "lineage": "1c0e1e26-0b36-4f91-a80d-244d1aa64535",
    "modules": [
        {
            "path": [
                "root"
            ],
            "outputs": {},
            "resources": {
                "aws_elb.jenkins": {
                    "type": "aws_elb",
                    "depends_on": [
                        "aws_instance.jenkins_master.*",
                        "aws_security_group.jenkins_inbound_sg",
                        "module.vpc"
                    ],
                    "primary": {
                        "id": "jenkins-elb",
                        "attributes": {
                            "access_logs.#": "0",
                            "availability_zones.#": "1",
                            "availability_zones.2487133097": "us-west-2a",
                            "connection_draining": "false",
                            "connection_draining_timeout": "300",
                            "cross_zone_load_balancing": "true",
                            "dns_name": "jenkins-elb-1103133679.us-west-2.elb.amazonaws.com",
                            "health_check.#": "1",
                            "health_check.0.healthy_threshold": "10",
                            "health_check.0.interval": "30",
                            "health_check.0.target": "TCP:80",
                            "health_check.0.timeout": "5",
                            "health_check.0.unhealthy_threshold": "2",
                            "id": "jenkins-elb",
                            "idle_timeout": "60",
                            "instances.#": "1",
                            "instances.589641079": "i-0f5e8219ee33435b2",
                            "internal": "false",
                            "listener.#": "1",
                            "listener.3057123346.instance_port": "80",
                            "listener.3057123346.instance_protocol": "http",
                            "listener.3057123346.lb_port": "80",
                            "listener.3057123346.lb_protocol": "http",
                            "listener.3057123346.ssl_certificate_id": "",
                            "name": "jenkins-elb",
                            "security_groups.#": "1",
                            "security_groups.1965823436": "sg-805a98fb",
                            "source_security_group": "084514027424/jenkins_inbound",
                            "source_security_group_id": "sg-805a98fb",
                            "subnets.#": "1",
                            "subnets.53551033": "subnet-30931e79",
                            "tags.%": "0",
                            "zone_id": "Z1H1FL5HABSF5"
                        },
                        "meta": {},
                        "tainted": false
                    },
                    "deposed": [],
                    "provider": ""
                },
                "aws_instance.jenkins_master": {
                    "type": "aws_instance",
                    "depends_on": [
                        "aws_security_group.jenkins_host_sg",
                        "module.vpc"
                    ],
                    "primary": {
                        "id": "i-0f5e8219ee33435b2",
                        "attributes": {
                            "ami": "ami-5e63d13e",
                            "associate_public_ip_address": "true",
                            "availability_zone": "us-west-2a",
                            "disable_api_termination": "false",
                            "ebs_block_device.#": "0",
                            "ebs_optimized": "false",
                            "ephemeral_block_device.#": "0",
                            "iam_instance_profile": "",
                            "id": "i-0f5e8219ee33435b2",
                            "instance_state": "running",
                            "instance_type": "m4.large",
                            "ipv6_address_count": "0",
                            "ipv6_addresses.#": "0",
                            "key_name": "terraform-ray",
                            "monitoring": "false",
                            "network_interface_id": "eni-079c0f3d",
                            "private_dns": "ip-10-0-1-20.us-west-2.compute.internal",
                            "private_ip": "10.0.1.20",
                            "public_dns": "ec2-52-40-83-104.us-west-2.compute.amazonaws.com",
                            "public_ip": "52.40.83.104",
                            "root_block_device.#": "1",
                            "root_block_device.0.delete_on_termination": "true",
                            "root_block_device.0.iops": "100",
                            "root_block_device.0.volume_size": "8",
                            "root_block_device.0.volume_type": "gp2",
                            "security_groups.#": "0",
                            "source_dest_check": "true",
                            "subnet_id": "subnet-30931e79",
                            "tags.%": "2",
                            "tags.Name": "Jenkins-Master-001",
                            "tags.Owner": "infra",
                            "tenancy": "default",
                            "vpc_security_group_ids.#": "1",
                            "vpc_security_group_ids.2277252206": "sg-1f5e9c64"
                        },
                        "meta": {
                            "schema_version": "1"
                        },
                        "tainted": false
                    },
                    "deposed": [],
                    "provider": ""
                },
                "aws_instance.jenkins_slave.0": {
                    "type": "aws_instance",
                    "depends_on": [
                        "aws_security_group.jenkins_host_sg",
                        "module.vpc"
                    ],
                    "primary": {
                        "id": "i-019e52509185ee8f0",
                        "attributes": {
                            "ami": "ami-5e63d13e",
                            "associate_public_ip_address": "true",
                            "availability_zone": "us-west-2a",
                            "disable_api_termination": "false",
                            "ebs_block_device.#": "0",
                            "ebs_optimized": "false",
                            "ephemeral_block_device.#": "0",
                            "iam_instance_profile": "",
                            "id": "i-019e52509185ee8f0",
                            "instance_state": "running",
                            "instance_type": "m4.large",
                            "ipv6_address_count": "0",
                            "ipv6_addresses.#": "0",
                            "key_name": "terraform-ray",
                            "monitoring": "false",
                            "network_interface_id": "eni-838112b9",
                            "private_dns": "ip-10-0-1-23.us-west-2.compute.internal",
                            "private_ip": "10.0.1.23",
                            "public_dns": "ec2-50-112-128-144.us-west-2.compute.amazonaws.com",
                            "public_ip": "50.112.128.144",
                            "root_block_device.#": "1",
                            "root_block_device.0.delete_on_termination": "true",
                            "root_block_device.0.iops": "100",
                            "root_block_device.0.volume_size": "8",
                            "root_block_device.0.volume_type": "gp2",
                            "security_groups.#": "0",
                            "source_dest_check": "true",
                            "subnet_id": "subnet-30931e79",
                            "tags.%": "2",
                            "tags.Name": "Jenkins-Slave-001",
                            "tags.Owner": "infra",
                            "tenancy": "default",
                            "vpc_security_group_ids.#": "1",
                            "vpc_security_group_ids.2277252206": "sg-1f5e9c64"
                        },
                        "meta": {
                            "schema_version": "1"
                        },
                        "tainted": false
                    },
                    "deposed": [],
                    "provider": ""
                },
                "aws_instance.jenkins_slave.1": {
                    "type": "aws_instance",
                    "depends_on": [
                        "aws_security_group.jenkins_host_sg",
                        "module.vpc"
                    ],
                    "primary": {
                        "id": "i-03feb15627ce1009d",
                        "attributes": {
                            "ami": "ami-5e63d13e",
                            "associate_public_ip_address": "true",
                            "availability_zone": "us-west-2a",
                            "disable_api_termination": "false",
                            "ebs_block_device.#": "0",
                            "ebs_optimized": "false",
                            "ephemeral_block_device.#": "0",
                            "iam_instance_profile": "",
                            "id": "i-03feb15627ce1009d",
                            "instance_state": "running",
                            "instance_type": "m4.large",
                            "ipv6_address_count": "0",
                            "ipv6_addresses.#": "0",
                            "key_name": "terraform-ray",
                            "monitoring": "false",
                            "network_interface_id": "eni-be9d0e84",
                            "private_dns": "ip-10-0-1-24.us-west-2.compute.internal",
                            "private_ip": "10.0.1.24",
                            "public_dns": "ec2-54-69-137-36.us-west-2.compute.amazonaws.com",
                            "public_ip": "54.69.137.36",
                            "root_block_device.#": "1",
                            "root_block_device.0.delete_on_termination": "true",
                            "root_block_device.0.iops": "100",
                            "root_block_device.0.volume_size": "8",
                            "root_block_device.0.volume_type": "gp2",
                            "security_groups.#": "0",
                            "source_dest_check": "true",
                            "subnet_id": "subnet-30931e79",
                            "tags.%": "2",
                            "tags.Name": "Jenkins-Slave-002",
                            "tags.Owner": "infra",
                            "tenancy": "default",
                            "vpc_security_group_ids.#": "1",
                            "vpc_security_group_ids.2277252206": "sg-1f5e9c64"
                        },
                        "meta": {
                            "schema_version": "1"
                        },
                        "tainted": false
                    },
                    "deposed": [],
                    "provider": ""
                },
                "aws_security_group.jenkins_host_sg": {
                    "type": "aws_security_group",
                    "depends_on": [
                        "module.vpc",
                        "module.vpc"
                    ],
                    "primary": {
                        "id": "sg-1f5e9c64",
                        "attributes": {
                            "description": "Allow SSH \u0026 HTTP to jenkins hosts",
                            "egress.#": "1",
                            "egress.482069346.cidr_blocks.#": "1",
                            "egress.482069346.cidr_blocks.0": "0.0.0.0/0",
                            "egress.482069346.from_port": "0",
                            "egress.482069346.ipv6_cidr_blocks.#": "0",
                            "egress.482069346.prefix_list_ids.#": "0",
                            "egress.482069346.protocol": "-1",
                            "egress.482069346.security_groups.#": "0",
                            "egress.482069346.self": "false",
                            "egress.482069346.to_port": "0",
                            "id": "sg-1f5e9c64",
                            "ingress.#": "3",
                            "ingress.2165049311.cidr_blocks.#": "1",
                            "ingress.2165049311.cidr_blocks.0": "10.0.0.0/16",
                            "ingress.2165049311.from_port": "80",
                            "ingress.2165049311.ipv6_cidr_blocks.#": "0",
                            "ingress.2165049311.protocol": "tcp",
                            "ingress.2165049311.security_groups.#": "0",
                            "ingress.2165049311.self": "false",
                            "ingress.2165049311.to_port": "80",
                            "ingress.2541437006.cidr_blocks.#": "1",
                            "ingress.2541437006.cidr_blocks.0": "0.0.0.0/0",
                            "ingress.2541437006.from_port": "22",
                            "ingress.2541437006.ipv6_cidr_blocks.#": "0",
                            "ingress.2541437006.protocol": "tcp",
                            "ingress.2541437006.security_groups.#": "0",
                            "ingress.2541437006.self": "false",
                            "ingress.2541437006.to_port": "22",
                            "ingress.3068409405.cidr_blocks.#": "1",
                            "ingress.3068409405.cidr_blocks.0": "0.0.0.0/0",
                            "ingress.3068409405.from_port": "8",
                            "ingress.3068409405.ipv6_cidr_blocks.#": "0",
                            "ingress.3068409405.protocol": "icmp",
                            "ingress.3068409405.security_groups.#": "0",
                            "ingress.3068409405.self": "false",
                            "ingress.3068409405.to_port": "0",
                            "name": "jenkins_host",
                            "owner_id": "084514027424",
                            "tags.%": "0",
                            "vpc_id": "vpc-b27529d5"
                        },
                        "meta": {},
                        "tainted": false
                    },
                    "deposed": [],
                    "provider": ""
                },
                "aws_security_group.jenkins_inbound_sg": {
                    "type": "aws_security_group",
                    "depends_on": [
                        "module.vpc"
                    ],
                    "primary": {
                        "id": "sg-805a98fb",
                        "attributes": {
                            "description": "Allow HTTP from Anywhere",
                            "egress.#": "1",
                            "egress.482069346.cidr_blocks.#": "1",
                            "egress.482069346.cidr_blocks.0": "0.0.0.0/0",
                            "egress.482069346.from_port": "0",
                            "egress.482069346.ipv6_cidr_blocks.#": "0",
                            "egress.482069346.prefix_list_ids.#": "0",
                            "egress.482069346.protocol": "-1",
                            "egress.482069346.security_groups.#": "0",
                            "egress.482069346.self": "false",
                            "egress.482069346.to_port": "0",
                            "id": "sg-805a98fb",
                            "ingress.#": "2",
                            "ingress.2214680975.cidr_blocks.#": "1",
                            "ingress.2214680975.cidr_blocks.0": "0.0.0.0/0",
                            "ingress.2214680975.from_port": "80",
                            "ingress.2214680975.ipv6_cidr_blocks.#": "0",
                            "ingress.2214680975.protocol": "tcp",
                            "ingress.2214680975.security_groups.#": "0",
                            "ingress.2214680975.self": "false",
                            "ingress.2214680975.to_port": "80",
                            "ingress.3068409405.cidr_blocks.#": "1",
                            "ingress.3068409405.cidr_blocks.0": "0.0.0.0/0",
                            "ingress.3068409405.from_port": "8",
                            "ingress.3068409405.ipv6_cidr_blocks.#": "0",
                            "ingress.3068409405.protocol": "icmp",
                            "ingress.3068409405.security_groups.#": "0",
                            "ingress.3068409405.self": "false",
                            "ingress.3068409405.to_port": "0",
                            "name": "jenkins_inbound",
                            "owner_id": "084514027424",
                            "tags.%": "0",
                            "vpc_id": "vpc-b27529d5"
                        },
                        "meta": {},
                        "tainted": false
                    },
                    "deposed": [],
                    "provider": ""
                }
            },
            "depends_on": []
        },
        {
            "path": [
                "root",
                "vpc"
            ],
            "outputs": {
                "cidr": {
                    "sensitive": false,
                    "type": "string",
                    "value": "10.0.0.0/16"
                },
                "public_subnet_id": {
                    "sensitive": true,
                    "type": "string",
                    "value": "subnet-30931e79"
                },
                "vpc_id": {
                    "sensitive": false,
                    "type": "string",
                    "value": "vpc-b27529d5"
                }
            },
            "resources": {
                "aws_internet_gateway.tfb": {
                    "type": "aws_internet_gateway",
                    "depends_on": [
                        "aws_vpc.tfb"
                    ],
                    "primary": {
                        "id": "igw-a9d2cdcd",
                        "attributes": {
                            "id": "igw-a9d2cdcd",
                            "tags.%": "1",
                            "tags.Name": "Jenkins-igw",
                            "vpc_id": "vpc-b27529d5"
                        },
                        "meta": {},
                        "tainted": false
                    },
                    "deposed": [],
                    "provider": ""
                },
                "aws_route.internet_access": {
                    "type": "aws_route",
                    "depends_on": [
                        "aws_internet_gateway.tfb",
                        "aws_vpc.tfb"
                    ],
                    "primary": {
                        "id": "r-rtb-16ae6f701080289494",
                        "attributes": {
                            "destination_cidr_block": "0.0.0.0/0",
                            "destination_prefix_list_id": "",
                            "egress_only_gateway_id": "",
                            "gateway_id": "igw-a9d2cdcd",
                            "id": "r-rtb-16ae6f701080289494",
                            "instance_id": "",
                            "instance_owner_id": "",
                            "nat_gateway_id": "",
                            "network_interface_id": "",
                            "origin": "CreateRoute",
                            "route_table_id": "rtb-16ae6f70",
                            "state": "active",
                            "vpc_peering_connection_id": ""
                        },
                        "meta": {},
                        "tainted": false
                    },
                    "deposed": [],
                    "provider": ""
                },
                "aws_subnet.public": {
                    "type": "aws_subnet",
                    "depends_on": [
                        "aws_vpc.tfb"
                    ],
                    "primary": {
                        "id": "subnet-30931e79",
                        "attributes": {
                            "assign_ipv6_address_on_creation": "false",
                            "availability_zone": "us-west-2a",
                            "cidr_block": "10.0.1.0/24",
                            "id": "subnet-30931e79",
                            "map_public_ip_on_launch": "false",
                            "tags.%": "1",
                            "tags.Name": "Jenkins-public",
                            "vpc_id": "vpc-b27529d5"
                        },
                        "meta": {},
                        "tainted": false
                    },
                    "deposed": [],
                    "provider": ""
                },
                "aws_vpc.tfb": {
                    "type": "aws_vpc",
                    "depends_on": [],
                    "primary": {
                        "id": "vpc-b27529d5",
                        "attributes": {
                            "assign_generated_ipv6_cidr_block": "false",
                            "cidr_block": "10.0.0.0/16",
                            "default_network_acl_id": "acl-8cd5c1eb",
                            "default_route_table_id": "rtb-16ae6f70",
                            "default_security_group_id": "sg-305c9e4b",
                            "dhcp_options_id": "dopt-8d7571e8",
                            "enable_classiclink": "false",
                            "enable_dns_hostnames": "true",
                            "enable_dns_support": "true",
                            "id": "vpc-b27529d5",
                            "instance_tenancy": "default",
                            "main_route_table_id": "rtb-16ae6f70",
                            "tags.%": "1",
                            "tags.Name": "Jenkins"
                        },
                        "meta": {
                            "schema_version": "1"
                        },
                        "tainted": false
                    },
                    "deposed": [],
                    "provider": ""
                }
            },
            "depends_on": []
        }
    ]
}
